
Microsoft Visual Studio Solution File, Format Version 12.00
# Visual Studio 15
VisualStudioVersion = 15.0.28307.106
MinimumVisualStudioVersion = 10.0.40219.1
Project("{FAE04EC0-301F-11D3-BF4B-00C04F79EFBC}") = "Reflector.FePy", "Reflector.FePy\Reflector.FePy.csproj", "{640CECFA-F5E6-491D-927B-8AA96615131F}"
EndProject
Project("{FAE04EC0-301F-11D3-BF4B-00C04F79EFBC}") = "Reflector.CppCli", "Reflector.CppCli\Reflector.CppCli.csproj", "{2357FC28-0B01-422E-844A-DF1639C6DFBB}"
EndProject
Project("{FAE04EC0-301F-11D3-BF4B-00C04F79EFBC}") = "Reflector.Emit", "Reflector.Emit\Reflector.Emit.csproj", "{54DA937E-69C0-4D77-B5D6-8D3792DD1C15}"
EndProject
Global
	GlobalSection(SolutionConfigurationPlatforms) = preSolution
		Debug|Any CPU = Debug|Any CPU
		Release|Any CPU = Release|Any CPU
	EndGlobalSection
	GlobalSection(ProjectConfigurationPlatforms) = postSolution
		{640CECFA-F5E6-491D-927B-8AA96615131F}.Debug|Any CPU.ActiveCfg = Debug|Any CPU
		{640CECFA-F5E6-491D-927B-8AA96615131F}.Debug|Any CPU.Build.0 = Debug|Any CPU
		{640CECFA-F5E6-491D-927B-8AA96615131F}.Release|Any CPU.ActiveCfg = Release|Any CPU
		{640CECFA-F5E6-491D-927B-8AA96615131F}.Release|Any CPU.Build.0 = Release|Any CPU
		{2357FC28-0B01-422E-844A-DF1639C6DFBB}.Debug|Any CPU.ActiveCfg = Debug|Any CPU
		{2357FC28-0B01-422E-844A-DF1639C6DFBB}.Debug|Any CPU.Build.0 = Debug|Any CPU
		{2357FC28-0B01-422E-844A-DF1639C6DFBB}.Release|Any CPU.ActiveCfg = Release|Any CPU
		{2357FC28-0B01-422E-844A-DF1639C6DFBB}.Release|Any CPU.Build.0 = Release|Any CPU
		{54DA937E-69C0-4D77-B5D6-8D3792DD1C15}.Debug|Any CPU.ActiveCfg = Debug|Any CPU
		{54DA937E-69C0-4D77-B5D6-8D3792DD1C15}.Debug|Any CPU.Build.0 = Debug|Any CPU
		{54DA937E-69C0-4D77-B5D6-8D3792DD1C15}.Release|Any CPU.ActiveCfg = Release|Any CPU
		{54DA937E-69C0-4D77-B5D6-8D3792DD1C15}.Release|Any CPU.Build.0 = Release|Any CPU
	EndGlobalSection
	GlobalSection(SolutionProperties) = preSolution
		HideSolutionNode = FALSE
	EndGlobalSection
	GlobalSection(ExtensibilityGlobals) = postSolution
		SolutionGuid = {614BEBB9-2339-4D2C-8F45-AB00BB8C3D04}
	EndGlobalSection
EndGlobal
